
Microsoft Visual Studio Solution File, Format Version 12.00
# Visual Studio Version 17
VisualStudioVersion = 17.9.34723.18
MinimumVisualStudioVersion = 10.0.40219.1
Project("{FAE04EC0-301F-11D3-BF4B-00C04F79EFBC}") = "work3", "work3.csproj", "{87019B7C-E8F0-4A60-A492-BE26C18BC6A4}"
EndProject
Global
	GlobalSection(SolutionConfigurationPlatforms) = preSolution
		Debug|Any CPU = Debug|Any CPU
		Release|Any CPU = Release|Any CPU
	EndGlobalSection
	GlobalSection(ProjectConfigurationPlatforms) = postSolution
		{87019B7C-E8F0-4A60-A492-BE26C18BC6A4}.Debug|Any CPU.ActiveCfg = Debug|Any CPU
		{87019B7C-E8F0-4A60-A492-BE26C18BC6A4}.Debug|Any CPU.Build.0 = Debug|Any CPU
		{87019B7C-E8F0-4A60-A492-BE26C18BC6A4}.Release|Any CPU.ActiveCfg = Release|Any CPU
		{87019B7C-E8F0-4A60-A492-BE26C18BC6A4}.Release|Any CPU.Build.0 = Release|Any CPU
	EndGlobalSection
	GlobalSection(SolutionProperties) = preSolution
		HideSolutionNode = FALSE
	EndGlobalSection
	GlobalSection(ExtensibilityGlobals) = postSolution
		SolutionGuid = {00295FD9-D197-4211-ABF8-D6AFDC7E4559}
	EndGlobalSection
EndGlobal
